// !$*UTF8*$!
{
	archiveVersion = 1;
	classes = {
	};
	objectVersion = 46;
	objects = {

/* Begin PBXBuildFile section */
		1BD7A9D819689A950008C2DF /* Foundation.framework in Frameworks */ = {isa = PBXBuildFile; fileRef = 1BD7A9D719689A950008C2DF /* Foundation.framework */; };
		1BD7A9DA19689A950008C2DF /* CoreGraphics.framework in Frameworks */ = {isa = PBXBuildFile; fileRef = 1BD7A9D919689A950008C2DF /* CoreGraphics.framework */; };
		1BD7A9DC19689A950008C2DF /* UIKit.framework in Frameworks */ = {isa = PBXBuildFile; fileRef = 1BD7A9DB19689A950008C2DF /* UIKit.framework */; };
		1BD7A9E219689A950008C2DF /* InfoPlist.strings in Resources */ = {isa = PBXBuildFile; fileRef = 1BD7A9E019689A950008C2DF /* InfoPlist.strings */; };
		1BD7A9E419689A950008C2DF /* main.m in Sources */ = {isa = PBXBuildFile; fileRef = 1BD7A9E319689A950008C2DF /* main.m */; };
		1BD7A9E819689A950008C2DF /* LSBDAppDelegate.m in Sources */ = {isa = PBXBuildFile; fileRef = 1BD7A9E719689A950008C2DF /* LSBDAppDelegate.m */; };
		1BD7A9EB19689A950008C2DF /* Main.storyboard in Resources */ = {isa = PBXBuildFile; fileRef = 1BD7A9E919689A950008C2DF /* Main.storyboard */; };
		1BD7A9EE19689A950008C2DF /* LSBDViewController.m in Sources */ = {isa = PBXBuildFile; fileRef = 1BD7A9ED19689A950008C2DF /* LSBDViewController.m */; };
		1BD7A9F019689A950008C2DF /* Images.xcassets in Resources */ = {isa = PBXBuildFile; fileRef = 1BD7A9EF19689A950008C2DF /* Images.xcassets */; };
		1BD7A9F719689A950008C2DF /* XCTest.framework in Frameworks */ = {isa = PBXBuildFile; fileRef = 1BD7A9F619689A950008C2DF /* XCTest.framework */; };
		1BD7A9F819689A950008C2DF /* Foundation.framework in Frameworks */ = {isa = PBXBuildFile; fileRef = 1BD7A9D719689A950008C2DF /* Foundation.framework */; };
		1BD7A9F919689A950008C2DF /* UIKit.framework in Frameworks */ = {isa = PBXBuildFile; fileRef = 1BD7A9DB19689A950008C2DF /* UIKit.framework */; };
		1BD7AA0119689A950008C2DF /* InfoPlist.strings in Resources */ = {isa = PBXBuildFile; fileRef = 1BD7A9FF19689A950008C2DF /* InfoPlist.strings */; };
		1BD7AA0319689A950008C2DF /* LongShadowButton_DemoTests.m in Sources */ = {isa = PBXBuildFile; fileRef = 1BD7AA0219689A950008C2DF /* LongShadowButton_DemoTests.m */; };
		1BD7AA0F1968CB050008C2DF /* LSButton.m in Sources */ = {isa = PBXBuildFile; fileRef = 1BD7AA0E1968CB050008C2DF /* LSButton.m */; };
/* End PBXBuildFile section */

/* Begin PBXContainerItemProxy section */
		1BD7A9FA19689A950008C2DF /* PBXContainerItemProxy */ = {
			isa = PBXContainerItemProxy;
			containerPortal = 1BD7A9CC19689A940008C2DF /* Project object */;
			proxyType = 1;
			remoteGlobalIDString = 1BD7A9D319689A950008C2DF;
			remoteInfo = "LongShadowButton-Demo";
		};
/* End PBXContainerItemProxy section */

/* Begin PBXFileReference section */
		1BD7A9D419689A950008C2DF /* LongShadowButton-Demo.app */ = {isa = PBXFileReference; explicitFileType = wrapper.application; includeInIndex = 0; path = "LongShadowButton-Demo.app"; sourceTree = BUILT_PRODUCTS_DIR; };
		1BD7A9D719689A950008C2DF /* Foundation.framework */ = {isa = PBXFileReference; lastKnownFileType = wrapper.framework; name = Foundation.framework; path = System/Library/Frameworks/Foundation.framework; sourceTree = SDKROOT; };
		1BD7A9D919689A950008C2DF /* CoreGraphics.framework */ = {isa = PBXFileReference; lastKnownFileType = wrapper.framework; name = CoreGraphics.framework; path = System/Library/Frameworks/CoreGraphics.framework; sourceTree = SDKROOT; };
		1BD7A9DB19689A950008C2DF /* UIKit.framework */ = {isa = PBXFileReference; lastKnownFileType = wrapper.framework; name = UIKit.framework; path = System/Library/Frameworks/UIKit.framework; sourceTree = SDKROOT; };
		1BD7A9DF19689A950008C2DF /* LongShadowButton-Demo-Info.plist */ = {isa = PBXFileReference; lastKnownFileType = text.plist.xml; path = "LongShadowButton-Demo-Info.plist"; sourceTree = "<group>"; };
		1BD7A9E119689A950008C2DF /* en */ = {isa = PBXFileReference; lastKnownFileType = text.plist.strings; name = en; path = en.lproj/InfoPlist.strings; sourceTree = "<group>"; };
		1BD7A9E319689A950008C2DF /* main.m */ = {isa = PBXFileReference; lastKnownFileType = sourcecode.c.objc; path = main.m; sourceTree = "<group>"; };
		1BD7A9E519689A950008C2DF /* LongShadowButton-Demo-Prefix.pch */ = {isa = PBXFileReference; lastKnownFileType = sourcecode.c.h; path = "LongShadowButton-Demo-Prefix.pch"; sourceTree = "<group>"; };
		1BD7A9E619689A950008C2DF /* LSBDAppDelegate.h */ = {isa = PBXFileReference; lastKnownFileType = sourcecode.c.h; path = LSBDAppDelegate.h; sourceTree = "<group>"; };
		1BD7A9E719689A950008C2DF /* LSBDAppDelegate.m */ = {isa = PBXFileReference; lastKnownFileType = sourcecode.c.objc; path = LSBDAppDelegate.m; sourceTree = "<group>"; };
		1BD7A9EA19689A950008C2DF /* Base */ = {isa = PBXFileReference; lastKnownFileType = file.storyboard; name = Base; path = Base.lproj/Main.storyboard; sourceTree = "<group>"; };
		1BD7A9EC19689A950008C2DF /* LSBDViewController.h */ = {isa = PBXFileReference; lastKnownFileType = sourcecode.c.h; path = LSBDViewController.h; sourceTree = "<group>"; };
		1BD7A9ED19689A950008C2DF /* LSBDViewController.m */ = {isa = PBXFileReference; lastKnownFileType = sourcecode.c.objc; path = LSBDViewController.m; sourceTree = "<group>"; };
		1BD7A9EF19689A950008C2DF /* Images.xcassets */ = {isa = PBXFileReference; lastKnownFileType = folder.assetcatalog; path = Images.xcassets; sourceTree = "<group>"; };
		1BD7A9F519689A950008C2DF /* LongShadowButton-DemoTests.xctest */ = {isa = PBXFileReference; explicitFileType = wrapper.cfbundle; includeInIndex = 0; path = "LongShadowButton-DemoTests.xctest"; sourceTree = BUILT_PRODUCTS_DIR; };
		1BD7A9F619689A950008C2DF /* XCTest.framework */ = {isa = PBXFileReference; lastKnownFileType = wrapper.framework; name = XCTest.framework; path = Library/Frameworks/XCTest.framework; sourceTree = DEVELOPER_DIR; };
		1BD7A9FE19689A950008C2DF /* LongShadowButton-DemoTests-Info.plist */ = {isa = PBXFileReference; lastKnownFileType = text.plist.xml; path = "LongShadowButton-DemoTests-Info.plist"; sourceTree = "<group>"; };
		1BD7AA0019689A950008C2DF /* en */ = {isa = PBXFileReference; lastKnownFileType = text.plist.strings; name = en; path = en.lproj/InfoPlist.strings; sourceTree = "<group>"; };
		1BD7AA0219689A950008C2DF /* LongShadowButton_DemoTests.m */ = {isa = PBXFileReference; lastKnownFileType = sourcecode.c.objc; path = LongShadowButton_DemoTests.m; sourceTree = "<group>"; };
		1BD7AA0D1968CB050008C2DF /* LSButton.h */ = {isa = PBXFileReference; fileEncoding = 4; lastKnownFileType = sourcecode.c.h; path = LSButton.h; sourceTree = "<group>"; };
		1BD7AA0E1968CB050008C2DF /* LSButton.m */ = {isa = PBXFileReference; fileEncoding = 4; lastKnownFileType = sourcecode.c.objc; path = LSButton.m; sourceTree = "<group>"; };
/* End PBXFileReference section */

/* Begin PBXFrameworksBuildPhase section */
		1BD7A9D119689A950008C2DF /* Frameworks */ = {
			isa = PBXFrameworksBuildPhase;
			buildActionMask = 2147483647;
			files = (
				1BD7A9DA19689A950008C2DF /* CoreGraphics.framework in Frameworks */,
				1BD7A9DC19689A950008C2DF /* UIKit.framework in Frameworks */,
				1BD7A9D819689A950008C2DF /* Foundation.framework in Frameworks */,
			);
			runOnlyForDeploymentPostprocessing = 0;
		};
		1BD7A9F219689A950008C2DF /* Frameworks */ = {
			isa = PBXFrameworksBuildPhase;
			buildActionMask = 2147483647;
			files = (
				1BD7A9F719689A950008C2DF /* XCTest.framework in Frameworks */,
				1BD7A9F919689A950008C2DF /* UIKit.framework in Frameworks */,
				1BD7A9F819689A950008C2DF /* Foundation.framework in Frameworks */,
			);
			runOnlyForDeploymentPostprocessing = 0;
		};
/* End PBXFrameworksBuildPhase section */

/* Begin PBXGroup section */
		1BD7A9CB19689A940008C2DF = {
			isa = PBXGroup;
			children = (
				1BD7A9DD19689A950008C2DF /* LongShadowButton-Demo */,
				1BD7A9FC19689A950008C2DF /* LongShadowButton-DemoTests */,
				1BD7A9D619689A950008C2DF /* Frameworks */,
				1BD7A9D519689A950008C2DF /* Products */,
			);
			sourceTree = "<group>";
		};
		1BD7A9D519689A950008C2DF /* Products */ = {
			isa = PBXGroup;
			children = (
				1BD7A9D419689A950008C2DF /* LongShadowButton-Demo.app */,
				1BD7A9F519689A950008C2DF /* LongShadowButton-DemoTests.xctest */,
			);
			name = Products;
			sourceTree = "<group>";
		};
		1BD7A9D619689A950008C2DF /* Frameworks */ = {
			isa = PBXGroup;
			children = (
				1BD7A9D719689A950008C2DF /* Foundation.framework */,
				1BD7A9D919689A950008C2DF /* CoreGraphics.framework */,
				1BD7A9DB19689A950008C2DF /* UIKit.framework */,
				1BD7A9F619689A950008C2DF /* XCTest.framework */,
			);
			name = Frameworks;
			sourceTree = "<group>";
		};
		1BD7A9DD19689A950008C2DF /* LongShadowButton-Demo */ = {
			isa = PBXGroup;
			children = (
				1BD7AA0C1968CACF0008C2DF /* LongShadowButton */,
				1BD7A9E619689A950008C2DF /* LSBDAppDelegate.h */,
				1BD7A9E719689A950008C2DF /* LSBDAppDelegate.m */,
				1BD7A9E919689A950008C2DF /* Main.storyboard */,
				1BD7A9EC19689A950008C2DF /* LSBDViewController.h */,
				1BD7A9ED19689A950008C2DF /* LSBDViewController.m */,
				1BD7A9EF19689A950008C2DF /* Images.xcassets */,
				1BD7A9DE19689A950008C2DF /* Supporting Files */,
			);
			path = "LongShadowButton-Demo";
			sourceTree = "<group>";
		};
		1BD7A9DE19689A950008C2DF /* Supporting Files */ = {
			isa = PBXGroup;
			children = (
				1BD7A9DF19689A950008C2DF /* LongShadowButton-Demo-Info.plist */,
				1BD7A9E019689A950008C2DF /* InfoPlist.strings */,
				1BD7A9E319689A950008C2DF /* main.m */,
				1BD7A9E519689A950008C2DF /* LongShadowButton-Demo-Prefix.pch */,
			);
			name = "Supporting Files";
			sourceTree = "<group>";
		};
		1BD7A9FC19689A950008C2DF /* LongShadowButton-DemoTests */ = {
			isa = PBXGroup;
			children = (
				1BD7AA0219689A950008C2DF /* LongShadowButton_DemoTests.m */,
				1BD7A9FD19689A950008C2DF /* Supporting Files */,
			);
			path = "LongShadowButton-DemoTests";
			sourceTree = "<group>";
		};
		1BD7A9FD19689A950008C2DF /* Supporting Files */ = {
			isa = PBXGroup;
			children = (
				1BD7A9FE19689A950008C2DF /* LongShadowButton-DemoTests-Info.plist */,
				1BD7A9FF19689A950008C2DF /* InfoPlist.strings */,
			);
			name = "Supporting Files";
			sourceTree = "<group>";
		};
		1BD7AA0C1968CACF0008C2DF /* LongShadowButton */ = {
			isa = PBXGroup;
			children = (
				1BD7AA0D1968CB050008C2DF /* LSButton.h */,
				1BD7AA0E1968CB050008C2DF /* LSButton.m */,
			);
			name = LongShadowButton;
			path = ../../LongShadowButton;
			sourceTree = "<group>";
		};
/* End PBXGroup section */

/* Begin PBXNativeTarget section */
		1BD7A9D319689A950008C2DF /* LongShadowButton-Demo */ = {
			isa = PBXNativeTarget;
			buildConfigurationList = 1BD7AA0619689A950008C2DF /* Build configuration list for PBXNativeTarget "LongShadowButton-Demo" */;
			buildPhases = (
				1BD7A9D019689A950008C2DF /* Sources */,
				1BD7A9D119689A950008C2DF /* Frameworks */,
				1BD7A9D219689A950008C2DF /* Resources */,
			);
			buildRules = (
			);
			dependencies = (
			);
			name = "LongShadowButton-Demo";
			productName = "LongShadowButton-Demo";
			productReference = 1BD7A9D419689A950008C2DF /* LongShadowButton-Demo.app */;
			productType = "com.apple.product-type.application";
		};
		1BD7A9F419689A950008C2DF /* LongShadowButton-DemoTests */ = {
			isa = PBXNativeTarget;
			buildConfigurationList = 1BD7AA0919689A950008C2DF /* Build configuration list for PBXNativeTarget "LongShadowButton-DemoTests" */;
			buildPhases = (
				1BD7A9F119689A950008C2DF /* Sources */,
				1BD7A9F219689A950008C2DF /* Frameworks */,
				1BD7A9F319689A950008C2DF /* Resources */,
			);
			buildRules = (
			);
			dependencies = (
				1BD7A9FB19689A950008C2DF /* PBXTargetDependency */,
			);
			name = "LongShadowButton-DemoTests";
			productName = "LongShadowButton-DemoTests";
			productReference = 1BD7A9F519689A950008C2DF /* LongShadowButton-DemoTests.xctest */;
			productType = "com.apple.product-type.bundle.unit-test";
		};
/* End PBXNativeTarget section */

/* Begin PBXProject section */
		1BD7A9CC19689A940008C2DF /* Project object */ = {
			isa = PBXProject;
			attributes = {
				CLASSPREFIX = LSBD;
				LastUpgradeCheck = 0510;
				ORGANIZATIONNAME = meligaletiko;
				TargetAttributes = {
					1BD7A9F419689A950008C2DF = {
						TestTargetID = 1BD7A9D319689A950008C2DF;
					};
				};
			};
			buildConfigurationList = 1BD7A9CF19689A940008C2DF /* Build configuration list for PBXProject "LongShadowButton-Demo" */;
			compatibilityVersion = "Xcode 3.2";
			developmentRegion = English;
			hasScannedForEncodings = 0;
			knownRegions = (
				en,
				Base,
			);
			mainGroup = 1BD7A9CB19689A940008C2DF;
			productRefGroup = 1BD7A9D519689A950008C2DF /* Products */;
			projectDirPath = "";
			projectRoot = "";
			targets = (
				1BD7A9D319689A950008C2DF /* LongShadowButton-Demo */,
				1BD7A9F419689A950008C2DF /* LongShadowButton-DemoTests */,
			);
		};
/* End PBXProject section */

/* Begin PBXResourcesBuildPhase section */
		1BD7A9D219689A950008C2DF /* Resources */ = {
			isa = PBXResourcesBuildPhase;
			buildActionMask = 2147483647;
			files = (
				1BD7A9F019689A950008C2DF /* Images.xcassets in Resources */,
				1BD7A9E219689A950008C2DF /* InfoPlist.strings in Resources */,
				1BD7A9EB19689A950008C2DF /* Main.storyboard in Resources */,
			);
			runOnlyForDeploymentPostprocessing = 0;
		};
		1BD7A9F319689A950008C2DF /* Resources */ = {
			isa = PBXResourcesBuildPhase;
			buildActionMask = 2147483647;
			files = (
				1BD7AA0119689A950008C2DF /* InfoPlist.strings in Resources */,
			);
			runOnlyForDeploymentPostprocessing = 0;
		};
/* End PBXResourcesBuildPhase section */

/* Begin PBXSourcesBuildPhase section */
		1BD7A9D019689A950008C2DF /* Sources */ = {
			isa = PBXSourcesBuildPhase;
			buildActionMask = 2147483647;
			files = (
				1BD7AA0F1968CB050008C2DF /* LSButton.m in Sources */,
				1BD7A9E419689A950008C2DF /* main.m in Sources */,
				1BD7A9EE19689A950008C2DF /* LSBDViewController.m in Sources */,
				1BD7A9E819689A950008C2DF /* LSBDAppDelegate.m in Sources */,
			);
			runOnlyForDeploymentPostprocessing = 0;
		};
		1BD7A9F119689A950008C2DF /* Sources */ = {
			isa = PBXSourcesBuildPhase;
			buildActionMask = 2147483647;
			files = (
				1BD7AA0319689A950008C2DF /* LongShadowButton_DemoTests.m in Sources */,
			);
			runOnlyForDeploymentPostprocessing = 0;
		};
/* End PBXSourcesBuildPhase section */

/* Begin PBXTargetDependency section */
		1BD7A9FB19689A950008C2DF /* PBXTargetDependency */ = {
			isa = PBXTargetDependency;
			target = 1BD7A9D319689A950008C2DF /* LongShadowButton-Demo */;
			targetProxy = 1BD7A9FA19689A950008C2DF /* PBXContainerItemProxy */;
		};
/* End PBXTargetDependency section */

/* Begin PBXVariantGroup section */
		1BD7A9E019689A950008C2DF /* InfoPlist.strings */ = {
			isa = PBXVariantGroup;
			children = (
				1BD7A9E119689A950008C2DF /* en */,
			);
			name = InfoPlist.strings;
			sourceTree = "<group>";
		};
		1BD7A9E919689A950008C2DF /* Main.storyboard */ = {
			isa = PBXVariantGroup;
			children = (
				1BD7A9EA19689A950008C2DF /* Base */,
			);
			name = Main.storyboard;
			sourceTree = "<group>";
		};
		1BD7A9FF19689A950008C2DF /* InfoPlist.strings */ = {
			isa = PBXVariantGroup;
			children = (
				1BD7AA0019689A950008C2DF /* en */,
			);
			name = InfoPlist.strings;
			sourceTree = "<group>";
		};
/* End PBXVariantGroup section */

/* Begin XCBuildConfiguration section */
		1BD7AA0419689A950008C2DF /* Debug */ = {
			isa = XCBuildConfiguration;
			buildSettings = {
				ALWAYS_SEARCH_USER_PATHS = NO;
				CLANG_CXX_LANGUAGE_STANDARD = "gnu++0x";
				CLANG_CXX_LIBRARY = "libc++";
				CLANG_ENABLE_MODULES = YES;
				CLANG_ENABLE_OBJC_ARC = YES;
				CLANG_WARN_BOOL_CONVERSION = YES;
				CLANG_WARN_CONSTANT_CONVERSION = YES;
				CLANG_WARN_DIRECT_OBJC_ISA_USAGE = YES_ERROR;
				CLANG_WARN_EMPTY_BODY = YES;
				CLANG_WARN_ENUM_CONVERSION = YES;
				CLANG_WARN_INT_CONVERSION = YES;
				CLANG_WARN_OBJC_ROOT_CLASS = YES_ERROR;
				CLANG_WARN__DUPLICATE_METHOD_MATCH = YES;
				"CODE_SIGN_IDENTITY[sdk=iphoneos*]" = "iPhone Developer";
				COPY_PHASE_STRIP = NO;
				GCC_C_LANGUAGE_STANDARD = gnu99;
				GCC_DYNAMIC_NO_PIC = NO;
				GCC_OPTIMIZATION_LEVEL = 0;
				GCC_PREPROCESSOR_DEFINITIONS = (
					"DEBUG=1",
					"$(inherited)",
				);
				GCC_SYMBOLS_PRIVATE_EXTERN = NO;
				GCC_WARN_64_TO_32_BIT_CONVERSION = YES;
				GCC_WARN_ABOUT_RETURN_TYPE = YES_ERROR;
				GCC_WARN_UNDECLARED_SELECTOR = YES;
				GCC_WARN_UNINITIALIZED_AUTOS = YES_AGGRESSIVE;
				GCC_WARN_UNUSED_FUNCTION = YES;
				GCC_WARN_UNUSED_VARIABLE = YES;
				IPHONEOS_DEPLOYMENT_TARGET = 7.1;
				ONLY_ACTIVE_ARCH = YES;
				SDKROOT = iphoneos;
			};
			name = Debug;
		};
		1BD7AA0519689A950008C2DF /* Release */ = {
			isa = XCBuildConfiguration;
			buildSettings = {
				ALWAYS_SEARCH_USER_PATHS = NO;
				CLANG_CXX_LANGUAGE_STANDARD = "gnu++0x";
				CLANG_CXX_LIBRARY = "libc++";
				CLANG_ENABLE_MODULES = YES;
				CLANG_ENABLE_OBJC_ARC = YES;
				CLANG_WARN_BOOL_CONVERSION = YES;
				CLANG_WARN_CONSTANT_CONVERSION = YES;
				CLANG_WARN_DIRECT_OBJC_ISA_USAGE = YES_ERROR;
				CLANG_WARN_EMPTY_BODY = YES;
				CLANG_WARN_ENUM_CONVERSION = YES;
				CLANG_WARN_INT_CONVERSION = YES;
				CLANG_WARN_OBJC_ROOT_CLASS = YES_ERROR;
				CLANG_WARN__DUPLICATE_METHOD_MATCH = YES;
				"CODE_SIGN_IDENTITY[sdk=iphoneos*]" = "iPhone Developer";
				COPY_PHASE_STRIP = YES;
				ENABLE_NS_ASSERTIONS = NO;
				GCC_C_LANGUAGE_STANDARD = gnu99;
				GCC_WARN_64_TO_32_BIT_CONVERSION = YES;
				GCC_WARN_ABOUT_RETURN_TYPE = YES_ERROR;
				GCC_WARN_UNDECLARED_SELECTOR = YES;
				GCC_WARN_UNINITIALIZED_AUTOS = YES_AGGRESSIVE;
				GCC_WARN_UNUSED_FUNCTION = YES;
				GCC_WARN_UNUSED_VARIABLE = YES;
				IPHONEOS_DEPLOYMENT_TARGET = 7.1;
				SDKROOT = iphoneos;
				VALIDATE_PRODUCT = YES;
			};
			name = Release;
		};
		1BD7AA0719689A950008C2DF /* Debug */ = {
			isa = XCBuildConfiguration;
			buildSettings = {
				ASSETCATALOG_COMPILER_APPICON_NAME = AppIcon;
				ASSETCATALOG_COMPILER_LAUNCHIMAGE_NAME = LaunchImage;
				GCC_PRECOMPILE_PREFIX_HEADER = YES;
				GCC_PREFIX_HEADER = "LongShadowButton-Demo/LongShadowButton-Demo-Prefix.pch";
				INFOPLIST_FILE = "LongShadowButton-Demo/LongShadowButton-Demo-Info.plist";
				PRODUCT_NAME = "$(TARGET_NAME)";
				WRAPPER_EXTENSION = app;
			};
			name = Debug;
		};
		1BD7AA0819689A950008C2DF /* Release */ = {
			isa = XCBuildConfiguration;
			buildSettings = {
				ASSETCATALOG_COMPILER_APPICON_NAME = AppIcon;
				ASSETCATALOG_COMPILER_LAUNCHIMAGE_NAME = LaunchImage;
				GCC_PRECOMPILE_PREFIX_HEADER = YES;
				GCC_PREFIX_HEADER = "LongShadowButton-Demo/LongShadowButton-Demo-Prefix.pch";
				INFOPLIST_FILE = "LongShadowButton-Demo/LongShadowButton-Demo-Info.plist";
				PRODUCT_NAME = "$(TARGET_NAME)";
				WRAPPER_EXTENSION = app;
			};
			name = Release;
		};
		1BD7AA0A19689A950008C2DF /* Debug */ = {
			isa = XCBuildConfiguration;
			buildSettings = {
				BUNDLE_LOADER = "$(BUILT_PRODUCTS_DIR)/LongShadowButton-Demo.app/LongShadowButton-Demo";
				FRAMEWORK_SEARCH_PATHS = (
					"$(SDKROOT)/Developer/Library/Frameworks",
					"$(inherited)",
					"$(DEVELOPER_FRAMEWORKS_DIR)",
				);
				GCC_PRECOMPILE_PREFIX_HEADER = YES;
				GCC_PREFIX_HEADER = "LongShadowButton-Demo/LongShadowButton-Demo-Prefix.pch";
				GCC_PREPROCESSOR_DEFINITIONS = (
					"DEBUG=1",
					"$(inherited)",
				);
				INFOPLIST_FILE = "LongShadowButton-DemoTests/LongShadowButton-DemoTests-Info.plist";
				PRODUCT_NAME = "$(TARGET_NAME)";
				TEST_HOST = "$(BUNDLE_LOADER)";
				WRAPPER_EXTENSION = xctest;
			};
			name = Debug;
		};
		1BD7AA0B19689A950008C2DF /* Release */ = {
			isa = XCBuildConfiguration;
			buildSettings = {
				BUNDLE_LOADER = "$(BUILT_PRODUCTS_DIR)/LongShadowButton-Demo.app/LongShadowButton-Demo";
				FRAMEWORK_SEARCH_PATHS = (
					"$(SDKROOT)/Developer/Library/Frameworks",
					"$(inherited)",
					"$(DEVELOPER_FRAMEWORKS_DIR)",
				);
				GCC_PRECOMPILE_PREFIX_HEADER = YES;
				GCC_PREFIX_HEADER = "LongShadowButton-Demo/LongShadowButton-Demo-Prefix.pch";
				INFOPLIST_FILE = "LongShadowButton-DemoTests/LongShadowButton-DemoTests-Info.plist";
				PRODUCT_NAME = "$(TARGET_NAME)";
				TEST_HOST = "$(BUNDLE_LOADER)";
				WRAPPER_EXTENSION = xctest;
			};
			name = Release;
		};
/* End XCBuildConfiguration section */

/* Begin XCConfigurationList section */
		1BD7A9CF19689A940008C2DF /* Build configuration list for PBXProject "LongShadowButton-Demo" */ = {
			isa = XCConfigurationList;
			buildConfigurations = (
				1BD7AA0419689A950008C2DF /* Debug */,
				1BD7AA0519689A950008C2DF /* Release */,
			);
			defaultConfigurationIsVisible = 0;
			defaultConfigurationName = Release;
		};
		1BD7AA0619689A950008C2DF /* Build configuration list for PBXNativeTarget "LongShadowButton-Demo" */ = {
			isa = XCConfigurationList;
			buildConfigurations = (
				1BD7AA0719689A950008C2DF /* Debug */,
				1BD7AA0819689A950008C2DF /* Release */,
			);
			defaultConfigurationIsVisible = 0;
			defaultConfigurationName = Release;
		};
		1BD7AA0919689A950008C2DF /* Build configuration list for PBXNativeTarget "LongShadowButton-DemoTests" */ = {
			isa = XCConfigurationList;
			buildConfigurations = (
				1BD7AA0A19689A950008C2DF /* Debug */,
				1BD7AA0B19689A950008C2DF /* Release */,
			);
			defaultConfigurationIsVisible = 0;
			defaultConfigurationName = Release;
		};
/* End XCConfigurationList section */
	};
	rootObject = 1BD7A9CC19689A940008C2DF /* Project object */;
}
